
Microsoft Visual Studio Solution File, Format Version 12.00
# Visual Studio 14
VisualStudioVersion = 14.0.25420.1
MinimumVisualStudioVersion = 10.0.40219.1
Project("{FAE04EC0-301F-11D3-BF4B-00C04F79EFBC}") = "teht01", "teht01\teht01.csproj", "{ECE411C5-56BE-461F-9B1C-3339920C4F65}"
EndProject
Project("{FAE04EC0-301F-11D3-BF4B-00C04F79EFBC}") = "teht01b", "teht02\teht01b.csproj", "{FE56FD63-2D9B-4DC7-A96F-F0A1136CA8E6}"
EndProject
Project("{FAE04EC0-301F-11D3-BF4B-00C04F79EFBC}") = "teht02b", "teht02b\teht02b.csproj", "{BD02AE7C-CB8F-4AC0-8CC5-DE4777E308E6}"
EndProject
Project("{FAE04EC0-301F-11D3-BF4B-00C04F79EFBC}") = "teht03", "teht03\teht03.csproj", "{D5AD5CBC-C515-4DA0-A994-55C7C9323221}"
EndProject
Project("{FAE04EC0-301F-11D3-BF4B-00C04F79EFBC}") = "teht04", "teht04\teht04.csproj", "{7C3AD859-5C7F-41D1-90A8-C7270C9B82A4}"
EndProject
Project("{FAE04EC0-301F-11D3-BF4B-00C04F79EFBC}") = "teht05", "teht5\teht05.csproj", "{34812D9D-BA66-4458-BCAD-9ABE94E9894C}"
EndProject
Project("{FAE04EC0-301F-11D3-BF4B-00C04F79EFBC}") = "teht06", "teht06\teht06.csproj", "{C818D776-4EAF-4899-B59D-14E11EA49401}"
EndProject
Project("{FAE04EC0-301F-11D3-BF4B-00C04F79EFBC}") = "teht07", "teht07\teht07.csproj", "{845C09A7-685A-4CAE-BC53-D26289556973}"
EndProject
Project("{FAE04EC0-301F-11D3-BF4B-00C04F79EFBC}") = "teht08", "teht08\teht08.csproj", "{3AB48265-A52E-4C5D-9510-9A32F829699E}"
EndProject
Project("{FAE04EC0-301F-11D3-BF4B-00C04F79EFBC}") = "teht09", "teht09\teht09.csproj", "{3E846F06-3DD2-49C2-8C89-EE0582DC8FA4}"
EndProject
Project("{FAE04EC0-301F-11D3-BF4B-00C04F79EFBC}") = "teht10", "teht10\teht10.csproj", "{37EC6C8C-1132-43F7-8C55-6724AE079F42}"
EndProject
Project("{FAE04EC0-301F-11D3-BF4B-00C04F79EFBC}") = "teht11", "teht11\teht11.csproj", "{F721405E-E9CE-40DA-8433-140C7FA352C3}"
EndProject
Project("{FAE04EC0-301F-11D3-BF4B-00C04F79EFBC}") = "teht12", "teht12\teht12.csproj", "{21083D88-DD6E-4A08-9538-A36361021E22}"
EndProject
Project("{FAE04EC0-301F-11D3-BF4B-00C04F79EFBC}") = "teht14", "teht14\teht14.csproj", "{83E12E90-314A-48D0-A7FD-3537A2BE822F}"
EndProject
Project("{FAE04EC0-301F-11D3-BF4B-00C04F79EFBC}") = "teht13", "teht13\teht13.csproj", "{D50DB98C-9147-42F7-84D8-EE04E59A39EB}"
EndProject
Project("{FAE04EC0-301F-11D3-BF4B-00C04F79EFBC}") = "teht15", "teht15\teht15.csproj", "{73F71F61-D16D-4D39-A555-AEF93D6308F8}"
EndProject
Project("{FAE04EC0-301F-11D3-BF4B-00C04F79EFBC}") = "teht16", "teht16\teht16.csproj", "{36977608-076A-4733-BAA5-1CA64F1A356F}"
EndProject
Global
	GlobalSection(SolutionConfigurationPlatforms) = preSolution
		Debug|Any CPU = Debug|Any CPU
		Release|Any CPU = Release|Any CPU
	EndGlobalSection
	GlobalSection(ProjectConfigurationPlatforms) = postSolution
		{ECE411C5-56BE-461F-9B1C-3339920C4F65}.Debug|Any CPU.ActiveCfg = Debug|Any CPU
		{ECE411C5-56BE-461F-9B1C-3339920C4F65}.Debug|Any CPU.Build.0 = Debug|Any CPU
		{ECE411C5-56BE-461F-9B1C-3339920C4F65}.Release|Any CPU.ActiveCfg = Release|Any CPU
		{ECE411C5-56BE-461F-9B1C-3339920C4F65}.Release|Any CPU.Build.0 = Release|Any CPU
		{FE56FD63-2D9B-4DC7-A96F-F0A1136CA8E6}.Debug|Any CPU.ActiveCfg = Debug|Any CPU
		{FE56FD63-2D9B-4DC7-A96F-F0A1136CA8E6}.Debug|Any CPU.Build.0 = Debug|Any CPU
		{FE56FD63-2D9B-4DC7-A96F-F0A1136CA8E6}.Release|Any CPU.ActiveCfg = Release|Any CPU
		{FE56FD63-2D9B-4DC7-A96F-F0A1136CA8E6}.Release|Any CPU.Build.0 = Release|Any CPU
		{BD02AE7C-CB8F-4AC0-8CC5-DE4777E308E6}.Debug|Any CPU.ActiveCfg = Debug|Any CPU
		{BD02AE7C-CB8F-4AC0-8CC5-DE4777E308E6}.Debug|Any CPU.Build.0 = Debug|Any CPU
		{BD02AE7C-CB8F-4AC0-8CC5-DE4777E308E6}.Release|Any CPU.ActiveCfg = Release|Any CPU
		{BD02AE7C-CB8F-4AC0-8CC5-DE4777E308E6}.Release|Any CPU.Build.0 = Release|Any CPU
		{D5AD5CBC-C515-4DA0-A994-55C7C9323221}.Debug|Any CPU.ActiveCfg = Debug|Any CPU
		{D5AD5CBC-C515-4DA0-A994-55C7C9323221}.Debug|Any CPU.Build.0 = Debug|Any CPU
		{D5AD5CBC-C515-4DA0-A994-55C7C9323221}.Release|Any CPU.ActiveCfg = Release|Any CPU
		{D5AD5CBC-C515-4DA0-A994-55C7C9323221}.Release|Any CPU.Build.0 = Release|Any CPU
		{7C3AD859-5C7F-41D1-90A8-C7270C9B82A4}.Debug|Any CPU.ActiveCfg = Debug|Any CPU
		{7C3AD859-5C7F-41D1-90A8-C7270C9B82A4}.Debug|Any CPU.Build.0 = Debug|Any CPU
		{7C3AD859-5C7F-41D1-90A8-C7270C9B82A4}.Release|Any CPU.ActiveCfg = Release|Any CPU
		{7C3AD859-5C7F-41D1-90A8-C7270C9B82A4}.Release|Any CPU.Build.0 = Release|Any CPU
		{34812D9D-BA66-4458-BCAD-9ABE94E9894C}.Debug|Any CPU.ActiveCfg = Debug|Any CPU
		{34812D9D-BA66-4458-BCAD-9ABE94E9894C}.Debug|Any CPU.Build.0 = Debug|Any CPU
		{34812D9D-BA66-4458-BCAD-9ABE94E9894C}.Release|Any CPU.ActiveCfg = Release|Any CPU
		{34812D9D-BA66-4458-BCAD-9ABE94E9894C}.Release|Any CPU.Build.0 = Release|Any CPU
		{C818D776-4EAF-4899-B59D-14E11EA49401}.Debug|Any CPU.ActiveCfg = Debug|Any CPU
		{C818D776-4EAF-4899-B59D-14E11EA49401}.Debug|Any CPU.Build.0 = Debug|Any CPU
		{C818D776-4EAF-4899-B59D-14E11EA49401}.Release|Any CPU.ActiveCfg = Release|Any CPU
		{C818D776-4EAF-4899-B59D-14E11EA49401}.Release|Any CPU.Build.0 = Release|Any CPU
		{845C09A7-685A-4CAE-BC53-D26289556973}.Debug|Any CPU.ActiveCfg = Debug|Any CPU
		{845C09A7-685A-4CAE-BC53-D26289556973}.Debug|Any CPU.Build.0 = Debug|Any CPU
		{845C09A7-685A-4CAE-BC53-D26289556973}.Release|Any CPU.ActiveCfg = Release|Any CPU
		{845C09A7-685A-4CAE-BC53-D26289556973}.Release|Any CPU.Build.0 = Release|Any CPU
		{3AB48265-A52E-4C5D-9510-9A32F829699E}.Debug|Any CPU.ActiveCfg = Debug|Any CPU
		{3AB48265-A52E-4C5D-9510-9A32F829699E}.Debug|Any CPU.Build.0 = Debug|Any CPU
		{3AB48265-A52E-4C5D-9510-9A32F829699E}.Release|Any CPU.ActiveCfg = Release|Any CPU
		{3AB48265-A52E-4C5D-9510-9A32F829699E}.Release|Any CPU.Build.0 = Release|Any CPU
		{3E846F06-3DD2-49C2-8C89-EE0582DC8FA4}.Debug|Any CPU.ActiveCfg = Debug|Any CPU
		{3E846F06-3DD2-49C2-8C89-EE0582DC8FA4}.Debug|Any CPU.Build.0 = Debug|Any CPU
		{3E846F06-3DD2-49C2-8C89-EE0582DC8FA4}.Release|Any CPU.ActiveCfg = Release|Any CPU
		{3E846F06-3DD2-49C2-8C89-EE0582DC8FA4}.Release|Any CPU.Build.0 = Release|Any CPU
		{37EC6C8C-1132-43F7-8C55-6724AE079F42}.Debug|Any CPU.ActiveCfg = Debug|Any CPU
		{37EC6C8C-1132-43F7-8C55-6724AE079F42}.Debug|Any CPU.Build.0 = Debug|Any CPU
		{37EC6C8C-1132-43F7-8C55-6724AE079F42}.Release|Any CPU.ActiveCfg = Release|Any CPU
		{37EC6C8C-1132-43F7-8C55-6724AE079F42}.Release|Any CPU.Build.0 = Release|Any CPU
		{F721405E-E9CE-40DA-8433-140C7FA352C3}.Debug|Any CPU.ActiveCfg = Debug|Any CPU
		{F721405E-E9CE-40DA-8433-140C7FA352C3}.Debug|Any CPU.Build.0 = Debug|Any CPU
		{F721405E-E9CE-40DA-8433-140C7FA352C3}.Release|Any CPU.ActiveCfg = Release|Any CPU
		{F721405E-E9CE-40DA-8433-140C7FA352C3}.Release|Any CPU.Build.0 = Release|Any CPU
		{21083D88-DD6E-4A08-9538-A36361021E22}.Debug|Any CPU.ActiveCfg = Debug|Any CPU
		{21083D88-DD6E-4A08-9538-A36361021E22}.Debug|Any CPU.Build.0 = Debug|Any CPU
		{21083D88-DD6E-4A08-9538-A36361021E22}.Release|Any CPU.ActiveCfg = Release|Any CPU
		{21083D88-DD6E-4A08-9538-A36361021E22}.Release|Any CPU.Build.0 = Release|Any CPU
		{83E12E90-314A-48D0-A7FD-3537A2BE822F}.Debug|Any CPU.ActiveCfg = Debug|Any CPU
		{83E12E90-314A-48D0-A7FD-3537A2BE822F}.Debug|Any CPU.Build.0 = Debug|Any CPU
		{83E12E90-314A-48D0-A7FD-3537A2BE822F}.Release|Any CPU.ActiveCfg = Release|Any CPU
		{83E12E90-314A-48D0-A7FD-3537A2BE822F}.Release|Any CPU.Build.0 = Release|Any CPU
		{D50DB98C-9147-42F7-84D8-EE04E59A39EB}.Debug|Any CPU.ActiveCfg = Debug|Any CPU
		{D50DB98C-9147-42F7-84D8-EE04E59A39EB}.Debug|Any CPU.Build.0 = Debug|Any CPU
		{D50DB98C-9147-42F7-84D8-EE04E59A39EB}.Release|Any CPU.ActiveCfg = Release|Any CPU
		{D50DB98C-9147-42F7-84D8-EE04E59A39EB}.Release|Any CPU.Build.0 = Release|Any CPU
		{73F71F61-D16D-4D39-A555-AEF93D6308F8}.Debug|Any CPU.ActiveCfg = Debug|Any CPU
		{73F71F61-D16D-4D39-A555-AEF93D6308F8}.Debug|Any CPU.Build.0 = Debug|Any CPU
		{73F71F61-D16D-4D39-A555-AEF93D6308F8}.Release|Any CPU.ActiveCfg = Release|Any CPU
		{73F71F61-D16D-4D39-A555-AEF93D6308F8}.Release|Any CPU.Build.0 = Release|Any CPU
		{36977608-076A-4733-BAA5-1CA64F1A356F}.Debug|Any CPU.ActiveCfg = Debug|Any CPU
		{36977608-076A-4733-BAA5-1CA64F1A356F}.Debug|Any CPU.Build.0 = Debug|Any CPU
		{36977608-076A-4733-BAA5-1CA64F1A356F}.Release|Any CPU.ActiveCfg = Release|Any CPU
		{36977608-076A-4733-BAA5-1CA64F1A356F}.Release|Any CPU.Build.0 = Release|Any CPU
	EndGlobalSection
	GlobalSection(SolutionProperties) = preSolution
		HideSolutionNode = FALSE
	EndGlobalSection
EndGlobal
